
Microsoft Visual Studio Solution File, Format Version 12.00
# Visual Studio Version 16
VisualStudioVersion = 16.0.31515.178
MinimumVisualStudioVersion = 10.0.40219.1
Project("{FAE04EC0-301F-11D3-BF4B-00C04F79EFBC}") = "YolaTestProject", "YolaTestProject.csproj", "{EE074298-1A1A-4FE1-829C-7180230FCE90}"
EndProject
Global
	GlobalSection(SolutionConfigurationPlatforms) = preSolution
		Debug|Any CPU = Debug|Any CPU
		Release|Any CPU = Release|Any CPU
	EndGlobalSection
	GlobalSection(ProjectConfigurationPlatforms) = postSolution
		{EE074298-1A1A-4FE1-829C-7180230FCE90}.Debug|Any CPU.ActiveCfg = Debug|Any CPU
		{EE074298-1A1A-4FE1-829C-7180230FCE90}.Debug|Any CPU.Build.0 = Debug|Any CPU
		{EE074298-1A1A-4FE1-829C-7180230FCE90}.Release|Any CPU.ActiveCfg = Release|Any CPU
		{EE074298-1A1A-4FE1-829C-7180230FCE90}.Release|Any CPU.Build.0 = Release|Any CPU
	EndGlobalSection
	GlobalSection(SolutionProperties) = preSolution
		HideSolutionNode = FALSE
	EndGlobalSection
	GlobalSection(ExtensibilityGlobals) = postSolution
		SolutionGuid = {AC496BD1-4CC9-4152-A1EB-DAC56CDE51C4}
	EndGlobalSection
EndGlobal
